// !$*UTF8*$!
{
	archiveVersion = 1;
	classes = {
	};
	objectVersion = 46;
	objects = {

/* Begin PBXBuildFile section */
		2727FB41183029B000AC126A /* AWSRuntime.framework in Frameworks */ = {isa = PBXBuildFile; fileRef = 2727FB3D183029B000AC126A /* AWSRuntime.framework */; };
		2727FB42183029B000AC126A /* AWSS3.framework in Frameworks */ = {isa = PBXBuildFile; fileRef = 2727FB3E183029B000AC126A /* AWSS3.framework */; };
		2727FB43183029B000AC126A /* AWSSNS.framework in Frameworks */ = {isa = PBXBuildFile; fileRef = 2727FB3F183029B000AC126A /* AWSSNS.framework */; };
		2727FB44183029B000AC126A /* AWSSQS.framework in Frameworks */ = {isa = PBXBuildFile; fileRef = 2727FB40183029B000AC126A /* AWSSQS.framework */; };
		2728625F17E64AA900FC7457 /* Foundation.framework in Frameworks */ = {isa = PBXBuildFile; fileRef = 2728625E17E64AA900FC7457 /* Foundation.framework */; };
		2728626117E64AA900FC7457 /* CoreGraphics.framework in Frameworks */ = {isa = PBXBuildFile; fileRef = 2728626017E64AA900FC7457 /* CoreGraphics.framework */; };
		2728626317E64AA900FC7457 /* UIKit.framework in Frameworks */ = {isa = PBXBuildFile; fileRef = 2728626217E64AA900FC7457 /* UIKit.framework */; };
		2728626917E64AA900FC7457 /* InfoPlist.strings in Resources */ = {isa = PBXBuildFile; fileRef = 2728626717E64AA900FC7457 /* InfoPlist.strings */; };
		2728626B17E64AA900FC7457 /* main.m in Sources */ = {isa = PBXBuildFile; fileRef = 2728626A17E64AA900FC7457 /* main.m */; };
		2728626F17E64AA900FC7457 /* AppDelegate.m in Sources */ = {isa = PBXBuildFile; fileRef = 2728626E17E64AA900FC7457 /* AppDelegate.m */; };
		2728627217E64AA900FC7457 /* Main_iPhone.storyboard in Resources */ = {isa = PBXBuildFile; fileRef = 2728627017E64AA900FC7457 /* Main_iPhone.storyboard */; };
		2728627517E64AA900FC7457 /* Main_iPad.storyboard in Resources */ = {isa = PBXBuildFile; fileRef = 2728627317E64AA900FC7457 /* Main_iPad.storyboard */; };
		2728627817E64AA900FC7457 /* ViewController.m in Sources */ = {isa = PBXBuildFile; fileRef = 2728627717E64AA900FC7457 /* ViewController.m */; };
		2728627A17E64AA900FC7457 /* Images.xcassets in Resources */ = {isa = PBXBuildFile; fileRef = 2728627917E64AA900FC7457 /* Images.xcassets */; };
		2728628117E64AA900FC7457 /* XCTest.framework in Frameworks */ = {isa = PBXBuildFile; fileRef = 2728628017E64AA900FC7457 /* XCTest.framework */; };
		2728628217E64AA900FC7457 /* Foundation.framework in Frameworks */ = {isa = PBXBuildFile; fileRef = 2728625E17E64AA900FC7457 /* Foundation.framework */; };
		2728628317E64AA900FC7457 /* UIKit.framework in Frameworks */ = {isa = PBXBuildFile; fileRef = 2728626217E64AA900FC7457 /* UIKit.framework */; };
		2728628B17E64AA900FC7457 /* InfoPlist.strings in Resources */ = {isa = PBXBuildFile; fileRef = 2728628917E64AA900FC7457 /* InfoPlist.strings */; };
		2728628D17E64AA900FC7457 /* S3ImageUploadTests.m in Sources */ = {isa = PBXBuildFile; fileRef = 2728628C17E64AA900FC7457 /* S3ImageUploadTests.m */; };
		2728629E17E64C3800FC7457 /* AWSConstants.m in Sources */ = {isa = PBXBuildFile; fileRef = 2728629D17E64C3800FC7457 /* AWSConstants.m */; };
/* End PBXBuildFile section */

/* Begin PBXContainerItemProxy section */
		2728628417E64AA900FC7457 /* PBXContainerItemProxy */ = {
			isa = PBXContainerItemProxy;
			containerPortal = 2728625317E64AA900FC7457 /* Project object */;
			proxyType = 1;
			remoteGlobalIDString = 2728625A17E64AA900FC7457;
			remoteInfo = S3ImageUpload;
		};
/* End PBXContainerItemProxy section */

/* Begin PBXFileReference section */
		2727FB3D183029B000AC126A /* AWSRuntime.framework */ = {isa = PBXFileReference; lastKnownFileType = wrapper.framework; name = AWSRuntime.framework; path = "aws-ios-sdk-1.7.0/AWSRuntime.framework"; sourceTree = "<group>"; };
		2727FB3E183029B000AC126A /* AWSS3.framework */ = {isa = PBXFileReference; lastKnownFileType = wrapper.framework; name = AWSS3.framework; path = "aws-ios-sdk-1.7.0/AWSS3.framework"; sourceTree = "<group>"; };
		2727FB3F183029B000AC126A /* AWSSNS.framework */ = {isa = PBXFileReference; lastKnownFileType = wrapper.framework; name = AWSSNS.framework; path = "aws-ios-sdk-1.7.0/AWSSNS.framework"; sourceTree = "<group>"; };
		2727FB40183029B000AC126A /* AWSSQS.framework */ = {isa = PBXFileReference; lastKnownFileType = wrapper.framework; name = AWSSQS.framework; path = "aws-ios-sdk-1.7.0/AWSSQS.framework"; sourceTree = "<group>"; };
		2728625B17E64AA900FC7457 /* ObRec.app */ = {isa = PBXFileReference; explicitFileType = wrapper.application; includeInIndex = 0; path = ObRec.app; sourceTree = BUILT_PRODUCTS_DIR; };
		2728625E17E64AA900FC7457 /* Foundation.framework */ = {isa = PBXFileReference; lastKnownFileType = wrapper.framework; name = Foundation.framework; path = System/Library/Frameworks/Foundation.framework; sourceTree = SDKROOT; };
		2728626017E64AA900FC7457 /* CoreGraphics.framework */ = {isa = PBXFileReference; lastKnownFileType = wrapper.framework; name = CoreGraphics.framework; path = System/Library/Frameworks/CoreGraphics.framework; sourceTree = SDKROOT; };
		2728626217E64AA900FC7457 /* UIKit.framework */ = {isa = PBXFileReference; lastKnownFileType = wrapper.framework; name = UIKit.framework; path = System/Library/Frameworks/UIKit.framework; sourceTree = SDKROOT; };
		2728626617E64AA900FC7457 /* ObRec-Info.plist */ = {isa = PBXFileReference; lastKnownFileType = text.plist.xml; path = "ObRec-Info.plist"; sourceTree = "<group>"; };
		2728626817E64AA900FC7457 /* en */ = {isa = PBXFileReference; lastKnownFileType = text.plist.strings; name = en; path = en.lproj/InfoPlist.strings; sourceTree = "<group>"; };
		2728626A17E64AA900FC7457 /* main.m */ = {isa = PBXFileReference; lastKnownFileType = sourcecode.c.objc; path = main.m; sourceTree = "<group>"; };
		2728626C17E64AA900FC7457 /* ObRec-Prefix.pch */ = {isa = PBXFileReference; lastKnownFileType = sourcecode.c.h; path = "ObRec-Prefix.pch"; sourceTree = "<group>"; };
		2728626D17E64AA900FC7457 /* AppDelegate.h */ = {isa = PBXFileReference; lastKnownFileType = sourcecode.c.h; path = AppDelegate.h; sourceTree = "<group>"; };
		2728626E17E64AA900FC7457 /* AppDelegate.m */ = {isa = PBXFileReference; lastKnownFileType = sourcecode.c.objc; path = AppDelegate.m; sourceTree = "<group>"; };
		2728627117E64AA900FC7457 /* Base */ = {isa = PBXFileReference; lastKnownFileType = file.storyboard; name = Base; path = Base.lproj/Main_iPhone.storyboard; sourceTree = "<group>"; };
		2728627417E64AA900FC7457 /* Base */ = {isa = PBXFileReference; lastKnownFileType = file.storyboard; name = Base; path = Base.lproj/Main_iPad.storyboard; sourceTree = "<group>"; };
		2728627617E64AA900FC7457 /* ViewController.h */ = {isa = PBXFileReference; lastKnownFileType = sourcecode.c.h; path = ViewController.h; sourceTree = "<group>"; };
		2728627717E64AA900FC7457 /* ViewController.m */ = {isa = PBXFileReference; lastKnownFileType = sourcecode.c.objc; path = ViewController.m; sourceTree = "<group>"; };
		2728627917E64AA900FC7457 /* Images.xcassets */ = {isa = PBXFileReference; lastKnownFileType = folder.assetcatalog; path = Images.xcassets; sourceTree = "<group>"; };
		2728627F17E64AA900FC7457 /* ObRecTests.xctest */ = {isa = PBXFileReference; explicitFileType = wrapper.cfbundle; includeInIndex = 0; path = ObRecTests.xctest; sourceTree = BUILT_PRODUCTS_DIR; };
		2728628017E64AA900FC7457 /* XCTest.framework */ = {isa = PBXFileReference; lastKnownFileType = wrapper.framework; name = XCTest.framework; path = Library/Frameworks/XCTest.framework; sourceTree = DEVELOPER_DIR; };
		2728628817E64AA900FC7457 /* ObRecTests-Info.plist */ = {isa = PBXFileReference; lastKnownFileType = text.plist.xml; path = "ObRecTests-Info.plist"; sourceTree = "<group>"; };
		2728628A17E64AA900FC7457 /* en */ = {isa = PBXFileReference; lastKnownFileType = text.plist.strings; name = en; path = en.lproj/InfoPlist.strings; sourceTree = "<group>"; };
		2728628C17E64AA900FC7457 /* S3ImageUploadTests.m */ = {isa = PBXFileReference; lastKnownFileType = sourcecode.c.objc; path = S3ImageUploadTests.m; sourceTree = "<group>"; };
		2728629C17E64C3800FC7457 /* AWSConstants.h */ = {isa = PBXFileReference; fileEncoding = 4; lastKnownFileType = sourcecode.c.h; path = AWSConstants.h; sourceTree = "<group>"; };
		2728629D17E64C3800FC7457 /* AWSConstants.m */ = {isa = PBXFileReference; fileEncoding = 4; lastKnownFileType = sourcecode.c.objc; path = AWSConstants.m; sourceTree = "<group>"; };
/* End PBXFileReference section */

/* Begin PBXFrameworksBuildPhase section */
		2728625817E64AA900FC7457 /* Frameworks */ = {
			isa = PBXFrameworksBuildPhase;
			buildActionMask = 2147483647;
			files = (
				2727FB41183029B000AC126A /* AWSRuntime.framework in Frameworks */,
				2727FB42183029B000AC126A /* AWSS3.framework in Frameworks */,
				2727FB43183029B000AC126A /* AWSSNS.framework in Frameworks */,
				2727FB44183029B000AC126A /* AWSSQS.framework in Frameworks */,
				2728626117E64AA900FC7457 /* CoreGraphics.framework in Frameworks */,
				2728626317E64AA900FC7457 /* UIKit.framework in Frameworks */,
				2728625F17E64AA900FC7457 /* Foundation.framework in Frameworks */,
			);
			runOnlyForDeploymentPostprocessing = 0;
		};
		2728627C17E64AA900FC7457 /* Frameworks */ = {
			isa = PBXFrameworksBuildPhase;
			buildActionMask = 2147483647;
			files = (
				2728628117E64AA900FC7457 /* XCTest.framework in Frameworks */,
				2728628317E64AA900FC7457 /* UIKit.framework in Frameworks */,
				2728628217E64AA900FC7457 /* Foundation.framework in Frameworks */,
			);
			runOnlyForDeploymentPostprocessing = 0;
		};
/* End PBXFrameworksBuildPhase section */

/* Begin PBXGroup section */
		2728625217E64AA900FC7457 = {
			isa = PBXGroup;
			children = (
				2728626417E64AA900FC7457 /* S3ImageUpload */,
				2728628617E64AA900FC7457 /* S3ImageUploadTests */,
				2728625D17E64AA900FC7457 /* Frameworks */,
				2728625C17E64AA900FC7457 /* Products */,
			);
			sourceTree = "<group>";
		};
		2728625C17E64AA900FC7457 /* Products */ = {
			isa = PBXGroup;
			children = (
				2728625B17E64AA900FC7457 /* ObRec.app */,
				2728627F17E64AA900FC7457 /* ObRecTests.xctest */,
			);
			name = Products;
			sourceTree = "<group>";
		};
		2728625D17E64AA900FC7457 /* Frameworks */ = {
			isa = PBXGroup;
			children = (
				2727FB3D183029B000AC126A /* AWSRuntime.framework */,
				2727FB3E183029B000AC126A /* AWSS3.framework */,
				2727FB3F183029B000AC126A /* AWSSNS.framework */,
				2727FB40183029B000AC126A /* AWSSQS.framework */,
				2728625E17E64AA900FC7457 /* Foundation.framework */,
				2728626017E64AA900FC7457 /* CoreGraphics.framework */,
				2728626217E64AA900FC7457 /* UIKit.framework */,
				2728628017E64AA900FC7457 /* XCTest.framework */,
			);
			name = Frameworks;
			sourceTree = "<group>";
		};
		2728626417E64AA900FC7457 /* S3ImageUpload */ = {
			isa = PBXGroup;
			children = (
				2728629C17E64C3800FC7457 /* AWSConstants.h */,
				2728629D17E64C3800FC7457 /* AWSConstants.m */,
				2728626D17E64AA900FC7457 /* AppDelegate.h */,
				2728626E17E64AA900FC7457 /* AppDelegate.m */,
				2728627017E64AA900FC7457 /* Main_iPhone.storyboard */,
				2728627317E64AA900FC7457 /* Main_iPad.storyboard */,
				2728627617E64AA900FC7457 /* ViewController.h */,
				2728627717E64AA900FC7457 /* ViewController.m */,
				2728627917E64AA900FC7457 /* Images.xcassets */,
				2728626517E64AA900FC7457 /* Supporting Files */,
			);
			path = S3ImageUpload;
			sourceTree = "<group>";
		};
		2728626517E64AA900FC7457 /* Supporting Files */ = {
			isa = PBXGroup;
			children = (
				2728626617E64AA900FC7457 /* ObRec-Info.plist */,
				2728626717E64AA900FC7457 /* InfoPlist.strings */,
				2728626A17E64AA900FC7457 /* main.m */,
				2728626C17E64AA900FC7457 /* ObRec-Prefix.pch */,
			);
			name = "Supporting Files";
			sourceTree = "<group>";
		};
		2728628617E64AA900FC7457 /* S3ImageUploadTests */ = {
			isa = PBXGroup;
			children = (
				2728628C17E64AA900FC7457 /* S3ImageUploadTests.m */,
				2728628717E64AA900FC7457 /* Supporting Files */,
			);
			path = S3ImageUploadTests;
			sourceTree = "<group>";
		};
		2728628717E64AA900FC7457 /* Supporting Files */ = {
			isa = PBXGroup;
			children = (
				2728628817E64AA900FC7457 /* ObRecTests-Info.plist */,
				2728628917E64AA900FC7457 /* InfoPlist.strings */,
			);
			name = "Supporting Files";
			sourceTree = "<group>";
		};
/* End PBXGroup section */

/* Begin PBXNativeTarget section */
		2728625A17E64AA900FC7457 /* ObRec */ = {
			isa = PBXNativeTarget;
			buildConfigurationList = 2728629017E64AA900FC7457 /* Build configuration list for PBXNativeTarget "ObRec" */;
			buildPhases = (
				2728625717E64AA900FC7457 /* Sources */,
				2728625817E64AA900FC7457 /* Frameworks */,
				2728625917E64AA900FC7457 /* Resources */,
			);
			buildRules = (
			);
			dependencies = (
			);
			name = ObRec;
			productName = S3ImageUpload;
			productReference = 2728625B17E64AA900FC7457 /* ObRec.app */;
			productType = "com.apple.product-type.application";
		};
		2728627E17E64AA900FC7457 /* ObRecTests */ = {
			isa = PBXNativeTarget;
			buildConfigurationList = 2728629317E64AA900FC7457 /* Build configuration list for PBXNativeTarget "ObRecTests" */;
			buildPhases = (
				2728627B17E64AA900FC7457 /* Sources */,
				2728627C17E64AA900FC7457 /* Frameworks */,
				2728627D17E64AA900FC7457 /* Resources */,
			);
			buildRules = (
			);
			dependencies = (
				2728628517E64AA900FC7457 /* PBXTargetDependency */,
			);
			name = ObRecTests;
			productName = S3ImageUploadTests;
			productReference = 2728627F17E64AA900FC7457 /* ObRecTests.xctest */;
			productType = "com.apple.product-type.bundle.unit-test";
		};
/* End PBXNativeTarget section */

/* Begin PBXProject section */
		2728625317E64AA900FC7457 /* Project object */ = {
			isa = PBXProject;
			attributes = {
				LastUpgradeCheck = 0500;
				ORGANIZATIONNAME = "Michael MacDougall";
				TargetAttributes = {
					2728625A17E64AA900FC7457 = {
						DevelopmentTeam = ED2BHJ5NH8;
					};
					2728627E17E64AA900FC7457 = {
						TestTargetID = 2728625A17E64AA900FC7457;
					};
				};
			};
			buildConfigurationList = 2728625617E64AA900FC7457 /* Build configuration list for PBXProject "ObRec" */;
			compatibilityVersion = "Xcode 3.2";
			developmentRegion = English;
			hasScannedForEncodings = 0;
			knownRegions = (
				en,
				Base,
			);
			mainGroup = 2728625217E64AA900FC7457;
			productRefGroup = 2728625C17E64AA900FC7457 /* Products */;
			projectDirPath = "";
			projectRoot = "";
			targets = (
				2728625A17E64AA900FC7457 /* ObRec */,
				2728627E17E64AA900FC7457 /* ObRecTests */,
			);
		};
/* End PBXProject section */

/* Begin PBXResourcesBuildPhase section */
		2728625917E64AA900FC7457 /* Resources */ = {
			isa = PBXResourcesBuildPhase;
			buildActionMask = 2147483647;
			files = (
				2728627517E64AA900FC7457 /* Main_iPad.storyboard in Resources */,
				2728627A17E64AA900FC7457 /* Images.xcassets in Resources */,
				2728627217E64AA900FC7457 /* Main_iPhone.storyboard in Resources */,
				2728626917E64AA900FC7457 /* InfoPlist.strings in Resources */,
			);
			runOnlyForDeploymentPostprocessing = 0;
		};
		2728627D17E64AA900FC7457 /* Resources */ = {
			isa = PBXResourcesBuildPhase;
			buildActionMask = 2147483647;
			files = (
				2728628B17E64AA900FC7457 /* InfoPlist.strings in Resources */,
			);
			runOnlyForDeploymentPostprocessing = 0;
		};
/* End PBXResourcesBuildPhase section */

/* Begin PBXSourcesBuildPhase section */
		2728625717E64AA900FC7457 /* Sources */ = {
			isa = PBXSourcesBuildPhase;
			buildActionMask = 2147483647;
			files = (
				2728627817E64AA900FC7457 /* ViewController.m in Sources */,
				2728629E17E64C3800FC7457 /* AWSConstants.m in Sources */,
				2728626F17E64AA900FC7457 /* AppDelegate.m in Sources */,
				2728626B17E64AA900FC7457 /* main.m in Sources */,
			);
			runOnlyForDeploymentPostprocessing = 0;
		};
		2728627B17E64AA900FC7457 /* Sources */ = {
			isa = PBXSourcesBuildPhase;
			buildActionMask = 2147483647;
			files = (
				2728628D17E64AA900FC7457 /* S3ImageUploadTests.m in Sources */,
			);
			runOnlyForDeploymentPostprocessing = 0;
		};
/* End PBXSourcesBuildPhase section */

/* Begin PBXTargetDependency section */
		2728628517E64AA900FC7457 /* PBXTargetDependency */ = {
			isa = PBXTargetDependency;
			target = 2728625A17E64AA900FC7457 /* ObRec */;
			targetProxy = 2728628417E64AA900FC7457 /* PBXContainerItemProxy */;
		};
/* End PBXTargetDependency section */

/* Begin PBXVariantGroup section */
		2728626717E64AA900FC7457 /* InfoPlist.strings */ = {
			isa = PBXVariantGroup;
			children = (
				2728626817E64AA900FC7457 /* en */,
			);
			name = InfoPlist.strings;
			sourceTree = "<group>";
		};
		2728627017E64AA900FC7457 /* Main_iPhone.storyboard */ = {
			isa = PBXVariantGroup;
			children = (
				2728627117E64AA900FC7457 /* Base */,
			);
			name = Main_iPhone.storyboard;
			sourceTree = "<group>";
		};
		2728627317E64AA900FC7457 /* Main_iPad.storyboard */ = {
			isa = PBXVariantGroup;
			children = (
				2728627417E64AA900FC7457 /* Base */,
			);
			name = Main_iPad.storyboard;
			sourceTree = "<group>";
		};
		2728628917E64AA900FC7457 /* InfoPlist.strings */ = {
			isa = PBXVariantGroup;
			children = (
				2728628A17E64AA900FC7457 /* en */,
			);
			name = InfoPlist.strings;
			sourceTree = "<group>";
		};
/* End PBXVariantGroup section */

/* Begin XCBuildConfiguration section */
		2728628E17E64AA900FC7457 /* Debug */ = {
			isa = XCBuildConfiguration;
			buildSettings = {
				ALWAYS_SEARCH_USER_PATHS = NO;
				CLANG_CXX_LANGUAGE_STANDARD = "gnu++0x";
				CLANG_CXX_LIBRARY = "libc++";
				CLANG_ENABLE_MODULES = YES;
				CLANG_ENABLE_OBJC_ARC = YES;
				CLANG_WARN_BOOL_CONVERSION = YES;
				CLANG_WARN_CONSTANT_CONVERSION = YES;
				CLANG_WARN_DIRECT_OBJC_ISA_USAGE = YES_ERROR;
				CLANG_WARN_EMPTY_BODY = YES;
				CLANG_WARN_ENUM_CONVERSION = YES;
				CLANG_WARN_INT_CONVERSION = YES;
				CLANG_WARN_OBJC_ROOT_CLASS = YES_ERROR;
				CLANG_WARN__DUPLICATE_METHOD_MATCH = YES;
				"CODE_SIGN_IDENTITY[sdk=iphoneos*]" = "iPhone Developer";
				COPY_PHASE_STRIP = NO;
				GCC_C_LANGUAGE_STANDARD = gnu99;
				GCC_DYNAMIC_NO_PIC = NO;
				GCC_OPTIMIZATION_LEVEL = 0;
				GCC_PREPROCESSOR_DEFINITIONS = (
					"DEBUG=1",
					"$(inherited)",
				);
				GCC_SYMBOLS_PRIVATE_EXTERN = NO;
				GCC_WARN_ABOUT_RETURN_TYPE = YES_ERROR;
				GCC_WARN_UNDECLARED_SELECTOR = YES;
				GCC_WARN_UNINITIALIZED_AUTOS = YES;
				GCC_WARN_UNUSED_FUNCTION = YES;
				GCC_WARN_UNUSED_VARIABLE = YES;
				IPHONEOS_DEPLOYMENT_TARGET = 7.0;
				ONLY_ACTIVE_ARCH = YES;
				SDKROOT = iphoneos;
				TARGETED_DEVICE_FAMILY = "1,2";
			};
			name = Debug;
		};
		2728628F17E64AA900FC7457 /* Release */ = {
			isa = XCBuildConfiguration;
			buildSettings = {
				ALWAYS_SEARCH_USER_PATHS = NO;
				CLANG_CXX_LANGUAGE_STANDARD = "gnu++0x";
				CLANG_CXX_LIBRARY = "libc++";
				CLANG_ENABLE_MODULES = YES;
				CLANG_ENABLE_OBJC_ARC = YES;
				CLANG_WARN_BOOL_CONVERSION = YES;
				CLANG_WARN_CONSTANT_CONVERSION = YES;
				CLANG_WARN_DIRECT_OBJC_ISA_USAGE = YES_ERROR;
				CLANG_WARN_EMPTY_BODY = YES;
				CLANG_WARN_ENUM_CONVERSION = YES;
				CLANG_WARN_INT_CONVERSION = YES;
				CLANG_WARN_OBJC_ROOT_CLASS = YES_ERROR;
				CLANG_WARN__DUPLICATE_METHOD_MATCH = YES;
				"CODE_SIGN_IDENTITY[sdk=iphoneos*]" = "iPhone Developer";
				COPY_PHASE_STRIP = YES;
				ENABLE_NS_ASSERTIONS = NO;
				GCC_C_LANGUAGE_STANDARD = gnu99;
				GCC_WARN_ABOUT_RETURN_TYPE = YES_ERROR;
				GCC_WARN_UNDECLARED_SELECTOR = YES;
				GCC_WARN_UNINITIALIZED_AUTOS = YES;
				GCC_WARN_UNUSED_FUNCTION = YES;
				GCC_WARN_UNUSED_VARIABLE = YES;
				IPHONEOS_DEPLOYMENT_TARGET = 7.0;
				SDKROOT = iphoneos;
				TARGETED_DEVICE_FAMILY = "1,2";
				VALIDATE_PRODUCT = YES;
			};
			name = Release;
		};
		2728629117E64AA900FC7457 /* Debug */ = {
			isa = XCBuildConfiguration;
			buildSettings = {
				ASSETCATALOG_COMPILER_APPICON_NAME = AppIcon;
				ASSETCATALOG_COMPILER_LAUNCHIMAGE_NAME = LaunchImage;
				CODE_SIGN_IDENTITY = "iPhone Developer";
				"CODE_SIGN_IDENTITY[sdk=iphoneos*]" = "iPhone Developer";
				FRAMEWORK_SEARCH_PATHS = (
					"$(inherited)",
					"/Users/Mike/Documents/Xcode/S3ImageUpload/aws-ios-sdk-1.7.0",
				);
				GCC_PRECOMPILE_PREFIX_HEADER = YES;
				GCC_PREFIX_HEADER = "S3ImageUpload/ObRec-Prefix.pch";
				INFOPLIST_FILE = "S3ImageUpload/ObRec-Info.plist";
				PRODUCT_NAME = ObRec;
				PROVISIONING_PROFILE = "";
				WRAPPER_EXTENSION = app;
			};
			name = Debug;
		};
		2728629217E64AA900FC7457 /* Release */ = {
			isa = XCBuildConfiguration;
			buildSettings = {
				ASSETCATALOG_COMPILER_APPICON_NAME = AppIcon;
				ASSETCATALOG_COMPILER_LAUNCHIMAGE_NAME = LaunchImage;
				CODE_SIGN_IDENTITY = "iPhone Developer";
				"CODE_SIGN_IDENTITY[sdk=iphoneos*]" = "iPhone Developer";
				FRAMEWORK_SEARCH_PATHS = (
					"$(inherited)",
					"/Users/Mike/Documents/Xcode/S3ImageUpload/aws-ios-sdk-1.7.0",
				);
				GCC_PRECOMPILE_PREFIX_HEADER = YES;
				GCC_PREFIX_HEADER = "S3ImageUpload/ObRec-Prefix.pch";
				INFOPLIST_FILE = "S3ImageUpload/ObRec-Info.plist";
				PRODUCT_NAME = ObRec;
				PROVISIONING_PROFILE = "";
				WRAPPER_EXTENSION = app;
			};
			name = Release;
		};
		2728629417E64AA900FC7457 /* Debug */ = {
			isa = XCBuildConfiguration;
			buildSettings = {
				BUNDLE_LOADER = "$(BUILT_PRODUCTS_DIR)/S3ImageUpload.app/S3ImageUpload";
				FRAMEWORK_SEARCH_PATHS = (
					"$(SDKROOT)/Developer/Library/Frameworks",
					"$(inherited)",
					"$(DEVELOPER_FRAMEWORKS_DIR)",
				);
				GCC_PRECOMPILE_PREFIX_HEADER = YES;
				GCC_PREFIX_HEADER = "S3ImageUpload/S3ImageUpload-Prefix.pch";
				GCC_PREPROCESSOR_DEFINITIONS = (
					"DEBUG=1",
					"$(inherited)",
				);
				INFOPLIST_FILE = "S3ImageUploadTests/ObRecTests-Info.plist";
				PRODUCT_NAME = ObRecTests;
				TEST_HOST = "$(BUNDLE_LOADER)";
				WRAPPER_EXTENSION = xctest;
			};
			name = Debug;
		};
		2728629517E64AA900FC7457 /* Release */ = {
			isa = XCBuildConfiguration;
			buildSettings = {
				BUNDLE_LOADER = "$(BUILT_PRODUCTS_DIR)/S3ImageUpload.app/S3ImageUpload";
				FRAMEWORK_SEARCH_PATHS = (
					"$(SDKROOT)/Developer/Library/Frameworks",
					"$(inherited)",
					"$(DEVELOPER_FRAMEWORKS_DIR)",
				);
				GCC_PRECOMPILE_PREFIX_HEADER = YES;
				GCC_PREFIX_HEADER = "S3ImageUpload/S3ImageUpload-Prefix.pch";
				INFOPLIST_FILE = "S3ImageUploadTests/ObRecTests-Info.plist";
				PRODUCT_NAME = ObRecTests;
				TEST_HOST = "$(BUNDLE_LOADER)";
				WRAPPER_EXTENSION = xctest;
			};
			name = Release;
		};
/* End XCBuildConfiguration section */

/* Begin XCConfigurationList section */
		2728625617E64AA900FC7457 /* Build configuration list for PBXProject "ObRec" */ = {
			isa = XCConfigurationList;
			buildConfigurations = (
				2728628E17E64AA900FC7457 /* Debug */,
				2728628F17E64AA900FC7457 /* Release */,
			);
			defaultConfigurationIsVisible = 0;
			defaultConfigurationName = Release;
		};
		2728629017E64AA900FC7457 /* Build configuration list for PBXNativeTarget "ObRec" */ = {
			isa = XCConfigurationList;
			buildConfigurations = (
				2728629117E64AA900FC7457 /* Debug */,
				2728629217E64AA900FC7457 /* Release */,
			);
			defaultConfigurationIsVisible = 0;
			defaultConfigurationName = Release;
		};
		2728629317E64AA900FC7457 /* Build configuration list for PBXNativeTarget "ObRecTests" */ = {
			isa = XCConfigurationList;
			buildConfigurations = (
				2728629417E64AA900FC7457 /* Debug */,
				2728629517E64AA900FC7457 /* Release */,
			);
			defaultConfigurationIsVisible = 0;
			defaultConfigurationName = Release;
		};
/* End XCConfigurationList section */
	};
	rootObject = 2728625317E64AA900FC7457 /* Project object */;
}
